// !$*UTF8*$!
{
	archiveVersion = 1;
	classes = {
	};
	objectVersion = 46;
	objects = {

/* Begin PBXBuildFile section */
		12F98228CC6EEDB5AF699E85 /* Pods_HDPhoneMonitor.framework in Frameworks */ = {isa = PBXBuildFile; fileRef = 5666F602670A94218D5BDF5E /* Pods_HDPhoneMonitor.framework */; };
		741DAAB31D407B14008DD26E /* HDChartConfig.swift in Sources */ = {isa = PBXBuildFile; fileRef = 741DAAAE1D407B14008DD26E /* HDChartConfig.swift */; };
		741DAAB41D407B14008DD26E /* HDChartLabel.swift in Sources */ = {isa = PBXBuildFile; fileRef = 741DAAAF1D407B14008DD26E /* HDChartLabel.swift */; };
		741DAAB51D407B14008DD26E /* HDLineChart.swift in Sources */ = {isa = PBXBuildFile; fileRef = 741DAAB01D407B14008DD26E /* HDLineChart.swift */; };
		741DAAB61D407B14008DD26E /* HDLineChartData.swift in Sources */ = {isa = PBXBuildFile; fileRef = 741DAAB11D407B14008DD26E /* HDLineChartData.swift */; };
		741DAAB71D407B14008DD26E /* HDValue.swift in Sources */ = {isa = PBXBuildFile; fileRef = 741DAAB21D407B14008DD26E /* HDValue.swift */; };
		741DAAB91D407B20008DD26E /* HDPhoneMonitor.swift in Sources */ = {isa = PBXBuildFile; fileRef = 741DAAB81D407B20008DD26E /* HDPhoneMonitor.swift */; };
		741DAABB1D407B26008DD26E /* HDPhoneMonitorChartViewController.swift in Sources */ = {isa = PBXBuildFile; fileRef = 741DAABA1D407B26008DD26E /* HDPhoneMonitorChartViewController.swift */; };
		74578B7F1D3FD1F900B0AAB0 /* HDPhoneMonitor.h in Headers */ = {isa = PBXBuildFile; fileRef = 74578B7E1D3FD1F900B0AAB0 /* HDPhoneMonitor.h */; settings = {ATTRIBUTES = (Public, ); }; };
		746E5BD61D460B940052650E /* HDBar.swift in Sources */ = {isa = PBXBuildFile; fileRef = 746E5BD51D460B940052650E /* HDBar.swift */; };
		746E5BD81D460BC80052650E /* HDBarChart.swift in Sources */ = {isa = PBXBuildFile; fileRef = 746E5BD71D460BC80052650E /* HDBarChart.swift */; };
		74CFEC491D48A644004AE125 /* GTMOAuth2ViewTouch.xib in Resources */ = {isa = PBXBuildFile; fileRef = 74CFEC481D48A644004AE125 /* GTMOAuth2ViewTouch.xib */; };
/* End PBXBuildFile section */

/* Begin PBXFileReference section */
		5666F602670A94218D5BDF5E /* Pods_HDPhoneMonitor.framework */ = {isa = PBXFileReference; explicitFileType = wrapper.framework; includeInIndex = 0; path = Pods_HDPhoneMonitor.framework; sourceTree = BUILT_PRODUCTS_DIR; };
		741DAAAE1D407B14008DD26E /* HDChartConfig.swift */ = {isa = PBXFileReference; fileEncoding = 4; lastKnownFileType = sourcecode.swift; name = HDChartConfig.swift; path = HDChart/HDChartConfig.swift; sourceTree = "<group>"; };
		741DAAAF1D407B14008DD26E /* HDChartLabel.swift */ = {isa = PBXFileReference; fileEncoding = 4; lastKnownFileType = sourcecode.swift; name = HDChartLabel.swift; path = HDChart/HDChartLabel.swift; sourceTree = "<group>"; };
		741DAAB01D407B14008DD26E /* HDLineChart.swift */ = {isa = PBXFileReference; fileEncoding = 4; lastKnownFileType = sourcecode.swift; name = HDLineChart.swift; path = HDChart/HDLineChart.swift; sourceTree = "<group>"; };
		741DAAB11D407B14008DD26E /* HDLineChartData.swift */ = {isa = PBXFileReference; fileEncoding = 4; lastKnownFileType = sourcecode.swift; name = HDLineChartData.swift; path = HDChart/HDLineChartData.swift; sourceTree = "<group>"; };
		741DAAB21D407B14008DD26E /* HDValue.swift */ = {isa = PBXFileReference; fileEncoding = 4; lastKnownFileType = sourcecode.swift; name = HDValue.swift; path = HDChart/HDValue.swift; sourceTree = "<group>"; };
		741DAAB81D407B20008DD26E /* HDPhoneMonitor.swift */ = {isa = PBXFileReference; fileEncoding = 4; lastKnownFileType = sourcecode.swift; name = HDPhoneMonitor.swift; path = HDPhoneMonitor/HDPhoneMonitor.swift; sourceTree = "<group>"; };
		741DAABA1D407B26008DD26E /* HDPhoneMonitorChartViewController.swift */ = {isa = PBXFileReference; fileEncoding = 4; lastKnownFileType = sourcecode.swift; name = HDPhoneMonitorChartViewController.swift; path = HDPhoneMonitorChartViewController/HDPhoneMonitorChartViewController.swift; sourceTree = "<group>"; };
		74578B7B1D3FD1F900B0AAB0 /* HDPhoneMonitor.framework */ = {isa = PBXFileReference; explicitFileType = wrapper.framework; includeInIndex = 0; path = HDPhoneMonitor.framework; sourceTree = BUILT_PRODUCTS_DIR; };
		74578B7E1D3FD1F900B0AAB0 /* HDPhoneMonitor.h */ = {isa = PBXFileReference; lastKnownFileType = sourcecode.c.h; path = HDPhoneMonitor.h; sourceTree = "<group>"; };
		74578B801D3FD1F900B0AAB0 /* Info.plist */ = {isa = PBXFileReference; lastKnownFileType = text.plist.xml; path = Info.plist; sourceTree = "<group>"; };
		746E5BD51D460B940052650E /* HDBar.swift */ = {isa = PBXFileReference; fileEncoding = 4; lastKnownFileType = sourcecode.swift; name = HDBar.swift; path = HDChart/HDBar.swift; sourceTree = "<group>"; };
		746E5BD71D460BC80052650E /* HDBarChart.swift */ = {isa = PBXFileReference; fileEncoding = 4; lastKnownFileType = sourcecode.swift; name = HDBarChart.swift; path = HDChart/HDBarChart.swift; sourceTree = "<group>"; };
		74CFEC481D48A644004AE125 /* GTMOAuth2ViewTouch.xib */ = {isa = PBXFileReference; fileEncoding = 4; lastKnownFileType = file.xib; path = GTMOAuth2ViewTouch.xib; sourceTree = "<group>"; };
		8E6679479EEE0456BECCB72C /* Pods-HDPhoneMonitor.release.xcconfig */ = {isa = PBXFileReference; includeInIndex = 1; lastKnownFileType = text.xcconfig; name = "Pods-HDPhoneMonitor.release.xcconfig"; path = "Pods/Target Support Files/Pods-HDPhoneMonitor/Pods-HDPhoneMonitor.release.xcconfig"; sourceTree = "<group>"; };
		A1F98193182F1C13B581E639 /* Pods-HDPhoneMonitor.debug.xcconfig */ = {isa = PBXFileReference; includeInIndex = 1; lastKnownFileType = text.xcconfig; name = "Pods-HDPhoneMonitor.debug.xcconfig"; path = "Pods/Target Support Files/Pods-HDPhoneMonitor/Pods-HDPhoneMonitor.debug.xcconfig"; sourceTree = "<group>"; };
/* End PBXFileReference section */

/* Begin PBXFrameworksBuildPhase section */
		74578B771D3FD1F900B0AAB0 /* Frameworks */ = {
			isa = PBXFrameworksBuildPhase;
			buildActionMask = 2147483647;
			files = (
				12F98228CC6EEDB5AF699E85 /* Pods_HDPhoneMonitor.framework in Frameworks */,
			);
			runOnlyForDeploymentPostprocessing = 0;
		};
/* End PBXFrameworksBuildPhase section */

/* Begin PBXGroup section */
		2455FFC54CFD594B66322B03 /* Frameworks */ = {
			isa = PBXGroup;
			children = (
				5666F602670A94218D5BDF5E /* Pods_HDPhoneMonitor.framework */,
			);
			name = Frameworks;
			sourceTree = "<group>";
		};
		58B8703E002D34C56DC1C115 /* Pods */ = {
			isa = PBXGroup;
			children = (
				A1F98193182F1C13B581E639 /* Pods-HDPhoneMonitor.debug.xcconfig */,
				8E6679479EEE0456BECCB72C /* Pods-HDPhoneMonitor.release.xcconfig */,
			);
			name = Pods;
			sourceTree = "<group>";
		};
		74578B711D3FD1F900B0AAB0 = {
			isa = PBXGroup;
			children = (
				74578B7D1D3FD1F900B0AAB0 /* HDPhoneMonitor */,
				74578B7C1D3FD1F900B0AAB0 /* Products */,
				58B8703E002D34C56DC1C115 /* Pods */,
				2455FFC54CFD594B66322B03 /* Frameworks */,
			);
			sourceTree = "<group>";
		};
		74578B7C1D3FD1F900B0AAB0 /* Products */ = {
			isa = PBXGroup;
			children = (
				74578B7B1D3FD1F900B0AAB0 /* HDPhoneMonitor.framework */,
			);
			name = Products;
			sourceTree = "<group>";
		};
		74578B7D1D3FD1F900B0AAB0 /* HDPhoneMonitor */ = {
			isa = PBXGroup;
			children = (
				74578B7E1D3FD1F900B0AAB0 /* HDPhoneMonitor.h */,
				74578B801D3FD1F900B0AAB0 /* Info.plist */,
				74578B941D3FD27E00B0AAB0 /* Controller */,
				74578B951D3FD28400B0AAB0 /* Service */,
				74578B961D3FD28B00B0AAB0 /* HDChart */,
			);
			path = HDPhoneMonitor;
			sourceTree = "<group>";
		};
		74578B941D3FD27E00B0AAB0 /* Controller */ = {
			isa = PBXGroup;
			children = (
				741DAABA1D407B26008DD26E /* HDPhoneMonitorChartViewController.swift */,
				74CFEC481D48A644004AE125 /* GTMOAuth2ViewTouch.xib */,
			);
			name = Controller;
			sourceTree = "<group>";
		};
		74578B951D3FD28400B0AAB0 /* Service */ = {
			isa = PBXGroup;
			children = (
				741DAAB81D407B20008DD26E /* HDPhoneMonitor.swift */,
			);
			name = Service;
			sourceTree = "<group>";
		};
		74578B961D3FD28B00B0AAB0 /* HDChart */ = {
			isa = PBXGroup;
			children = (
				741DAAAE1D407B14008DD26E /* HDChartConfig.swift */,
				741DAAAF1D407B14008DD26E /* HDChartLabel.swift */,
				741DAAB01D407B14008DD26E /* HDLineChart.swift */,
				741DAAB11D407B14008DD26E /* HDLineChartData.swift */,
				741DAAB21D407B14008DD26E /* HDValue.swift */,
				746E5BD51D460B940052650E /* HDBar.swift */,
				746E5BD71D460BC80052650E /* HDBarChart.swift */,
			);
			name = HDChart;
			sourceTree = "<group>";
		};
/* End PBXGroup section */

/* Begin PBXHeadersBuildPhase section */
		74578B781D3FD1F900B0AAB0 /* Headers */ = {
			isa = PBXHeadersBuildPhase;
			buildActionMask = 2147483647;
			files = (
				74578B7F1D3FD1F900B0AAB0 /* HDPhoneMonitor.h in Headers */,
			);
			runOnlyForDeploymentPostprocessing = 0;
		};
/* End PBXHeadersBuildPhase section */

/* Begin PBXNativeTarget section */
		74578B7A1D3FD1F900B0AAB0 /* HDPhoneMonitor */ = {
			isa = PBXNativeTarget;
			buildConfigurationList = 74578B831D3FD1F900B0AAB0 /* Build configuration list for PBXNativeTarget "HDPhoneMonitor" */;
			buildPhases = (
				26F9F6480037A8DA29460BA4 /* [CP] Check Pods Manifest.lock */,
				74578B761D3FD1F900B0AAB0 /* Sources */,
				74578B771D3FD1F900B0AAB0 /* Frameworks */,
				74578B781D3FD1F900B0AAB0 /* Headers */,
				74578B791D3FD1F900B0AAB0 /* Resources */,
				6A2690FD931972BBF46347D0 /* [CP] Copy Pods Resources */,
			);
			buildRules = (
			);
			dependencies = (
			);
			name = HDPhoneMonitor;
			productName = HDPhoneMonitor;
			productReference = 74578B7B1D3FD1F900B0AAB0 /* HDPhoneMonitor.framework */;
			productType = "com.apple.product-type.framework";
		};
/* End PBXNativeTarget section */

/* Begin PBXProject section */
		74578B721D3FD1F900B0AAB0 /* Project object */ = {
			isa = PBXProject;
			attributes = {
				LastUpgradeCheck = 0730;
				ORGANIZATIONNAME = "Dinh Quang Hieu";
				TargetAttributes = {
					74578B7A1D3FD1F900B0AAB0 = {
						CreatedOnToolsVersion = 7.3.1;
						DevelopmentTeam = BH46VD9229;
					};
				};
			};
			buildConfigurationList = 74578B751D3FD1F900B0AAB0 /* Build configuration list for PBXProject "HDPhoneMonitor" */;
			compatibilityVersion = "Xcode 3.2";
			developmentRegion = English;
			hasScannedForEncodings = 0;
			knownRegions = (
				en,
			);
			mainGroup = 74578B711D3FD1F900B0AAB0;
			productRefGroup = 74578B7C1D3FD1F900B0AAB0 /* Products */;
			projectDirPath = "";
			projectRoot = "";
			targets = (
				74578B7A1D3FD1F900B0AAB0 /* HDPhoneMonitor */,
			);
		};
/* End PBXProject section */

/* Begin PBXResourcesBuildPhase section */
		74578B791D3FD1F900B0AAB0 /* Resources */ = {
			isa = PBXResourcesBuildPhase;
			buildActionMask = 2147483647;
			files = (
				74CFEC491D48A644004AE125 /* GTMOAuth2ViewTouch.xib in Resources */,
			);
			runOnlyForDeploymentPostprocessing = 0;
		};
/* End PBXResourcesBuildPhase section */

/* Begin PBXShellScriptBuildPhase section */
		26F9F6480037A8DA29460BA4 /* [CP] Check Pods Manifest.lock */ = {
			isa = PBXShellScriptBuildPhase;
			buildActionMask = 2147483647;
			files = (
			);
			inputPaths = (
			);
			name = "[CP] Check Pods Manifest.lock";
			outputPaths = (
			);
			runOnlyForDeploymentPostprocessing = 0;
			shellPath = /bin/sh;
			shellScript = "diff \"${PODS_ROOT}/../Podfile.lock\" \"${PODS_ROOT}/Manifest.lock\" > /dev/null\nif [[ $? != 0 ]] ; then\n    cat << EOM\nerror: The sandbox is not in sync with the Podfile.lock. Run 'pod install' or update your CocoaPods installation.\nEOM\n    exit 1\nfi\n";
			showEnvVarsInLog = 0;
		};
		6A2690FD931972BBF46347D0 /* [CP] Copy Pods Resources */ = {
			isa = PBXShellScriptBuildPhase;
			buildActionMask = 2147483647;
			files = (
			);
			inputPaths = (
			);
			name = "[CP] Copy Pods Resources";
			outputPaths = (
			);
			runOnlyForDeploymentPostprocessing = 0;
			shellPath = /bin/sh;
			shellScript = "\"${SRCROOT}/Pods/Target Support Files/Pods-HDPhoneMonitor/Pods-HDPhoneMonitor-resources.sh\"\n";
			showEnvVarsInLog = 0;
		};
/* End PBXShellScriptBuildPhase section */

/* Begin PBXSourcesBuildPhase section */
		74578B761D3FD1F900B0AAB0 /* Sources */ = {
			isa = PBXSourcesBuildPhase;
			buildActionMask = 2147483647;
			files = (
				741DAAB71D407B14008DD26E /* HDValue.swift in Sources */,
				746E5BD81D460BC80052650E /* HDBarChart.swift in Sources */,
				741DAAB91D407B20008DD26E /* HDPhoneMonitor.swift in Sources */,
				741DAAB61D407B14008DD26E /* HDLineChartData.swift in Sources */,
				741DAAB31D407B14008DD26E /* HDChartConfig.swift in Sources */,
				741DAABB1D407B26008DD26E /* HDPhoneMonitorChartViewController.swift in Sources */,
				741DAAB51D407B14008DD26E /* HDLineChart.swift in Sources */,
				741DAAB41D407B14008DD26E /* HDChartLabel.swift in Sources */,
				746E5BD61D460B940052650E /* HDBar.swift in Sources */,
			);
			runOnlyForDeploymentPostprocessing = 0;
		};
/* End PBXSourcesBuildPhase section */

/* Begin XCBuildConfiguration section */
		74578B811D3FD1F900B0AAB0 /* Debug */ = {
			isa = XCBuildConfiguration;
			buildSettings = {
				ALWAYS_SEARCH_USER_PATHS = NO;
				CLANG_ANALYZER_NONNULL = YES;
				CLANG_CXX_LANGUAGE_STANDARD = "gnu++0x";
				CLANG_CXX_LIBRARY = "libc++";
				CLANG_ENABLE_MODULES = YES;
				CLANG_ENABLE_OBJC_ARC = YES;
				CLANG_WARN_BOOL_CONVERSION = YES;
				CLANG_WARN_CONSTANT_CONVERSION = YES;
				CLANG_WARN_DIRECT_OBJC_ISA_USAGE = YES_ERROR;
				CLANG_WARN_EMPTY_BODY = YES;
				CLANG_WARN_ENUM_CONVERSION = YES;
				CLANG_WARN_INT_CONVERSION = YES;
				CLANG_WARN_OBJC_ROOT_CLASS = YES_ERROR;
				CLANG_WARN_UNREACHABLE_CODE = YES;
				CLANG_WARN__DUPLICATE_METHOD_MATCH = YES;
				"CODE_SIGN_IDENTITY[sdk=iphoneos*]" = "iPhone Developer";
				COPY_PHASE_STRIP = NO;
				CURRENT_PROJECT_VERSION = 1;
				DEBUG_INFORMATION_FORMAT = dwarf;
				ENABLE_STRICT_OBJC_MSGSEND = YES;
				ENABLE_TESTABILITY = YES;
				GCC_C_LANGUAGE_STANDARD = gnu99;
				GCC_DYNAMIC_NO_PIC = NO;
				GCC_NO_COMMON_BLOCKS = YES;
				GCC_OPTIMIZATION_LEVEL = 0;
				GCC_PREPROCESSOR_DEFINITIONS = (
					"DEBUG=1",
					"$(inherited)",
				);
				GCC_WARN_64_TO_32_BIT_CONVERSION = YES;
				GCC_WARN_ABOUT_RETURN_TYPE = YES_ERROR;
				GCC_WARN_UNDECLARED_SELECTOR = YES;
				GCC_WARN_UNINITIALIZED_AUTOS = YES_AGGRESSIVE;
				GCC_WARN_UNUSED_FUNCTION = YES;
				GCC_WARN_UNUSED_VARIABLE = YES;
				IPHONEOS_DEPLOYMENT_TARGET = 9.3;
				MTL_ENABLE_DEBUG_INFO = YES;
				ONLY_ACTIVE_ARCH = YES;
				SDKROOT = iphoneos;
				SWIFT_OPTIMIZATION_LEVEL = "-Onone";
				TARGETED_DEVICE_FAMILY = "1,2";
				VERSIONING_SYSTEM = "apple-generic";
				VERSION_INFO_PREFIX = "";
			};
			name = Debug;
		};
		74578B821D3FD1F900B0AAB0 /* Release */ = {
			isa = XCBuildConfiguration;
			buildSettings = {
				ALWAYS_SEARCH_USER_PATHS = NO;
				CLANG_ANALYZER_NONNULL = YES;
				CLANG_CXX_LANGUAGE_STANDARD = "gnu++0x";
				CLANG_CXX_LIBRARY = "libc++";
				CLANG_ENABLE_MODULES = YES;
				CLANG_ENABLE_OBJC_ARC = YES;
				CLANG_WARN_BOOL_CONVERSION = YES;
				CLANG_WARN_CONSTANT_CONVERSION = YES;
				CLANG_WARN_DIRECT_OBJC_ISA_USAGE = YES_ERROR;
				CLANG_WARN_EMPTY_BODY = YES;
				CLANG_WARN_ENUM_CONVERSION = YES;
				CLANG_WARN_INT_CONVERSION = YES;
				CLANG_WARN_OBJC_ROOT_CLASS = YES_ERROR;
				CLANG_WARN_UNREACHABLE_CODE = YES;
				CLANG_WARN__DUPLICATE_METHOD_MATCH = YES;
				"CODE_SIGN_IDENTITY[sdk=iphoneos*]" = "iPhone Developer";
				COPY_PHASE_STRIP = NO;
				CURRENT_PROJECT_VERSION = 1;
				DEBUG_INFORMATION_FORMAT = "dwarf-with-dsym";
				ENABLE_NS_ASSERTIONS = NO;
				ENABLE_STRICT_OBJC_MSGSEND = YES;
				GCC_C_LANGUAGE_STANDARD = gnu99;
				GCC_NO_COMMON_BLOCKS = YES;
				GCC_WARN_64_TO_32_BIT_CONVERSION = YES;
				GCC_WARN_ABOUT_RETURN_TYPE = YES_ERROR;
				GCC_WARN_UNDECLARED_SELECTOR = YES;
				GCC_WARN_UNINITIALIZED_AUTOS = YES_AGGRESSIVE;
				GCC_WARN_UNUSED_FUNCTION = YES;
				GCC_WARN_UNUSED_VARIABLE = YES;
				IPHONEOS_DEPLOYMENT_TARGET = 9.3;
				MTL_ENABLE_DEBUG_INFO = NO;
				SDKROOT = iphoneos;
				TARGETED_DEVICE_FAMILY = "1,2";
				VALIDATE_PRODUCT = YES;
				VERSIONING_SYSTEM = "apple-generic";
				VERSION_INFO_PREFIX = "";
			};
			name = Release;
		};
		74578B841D3FD1F900B0AAB0 /* Debug */ = {
			isa = XCBuildConfiguration;
			baseConfigurationReference = A1F98193182F1C13B581E639 /* Pods-HDPhoneMonitor.debug.xcconfig */;
			buildSettings = {
				CLANG_ENABLE_MODULES = YES;
				DEFINES_MODULE = YES;
				DYLIB_COMPATIBILITY_VERSION = 1;
				DYLIB_CURRENT_VERSION = 1;
				DYLIB_INSTALL_NAME_BASE = "@rpath";
				INFOPLIST_FILE = HDPhoneMonitor/Info.plist;
				INSTALL_PATH = "$(LOCAL_LIBRARY_DIR)/Frameworks";
				IPHONEOS_DEPLOYMENT_TARGET = 8.0;
				LD_RUNPATH_SEARCH_PATHS = "$(inherited) @executable_path/Frameworks @loader_path/Frameworks";
				PRODUCT_BUNDLE_IDENTIFIER = com.dqhieu.HDPhoneMonitor;
				PRODUCT_NAME = "$(TARGET_NAME)";
				SKIP_INSTALL = YES;
				SWIFT_OPTIMIZATION_LEVEL = "-Onone";
			};
			name = Debug;
		};
		74578B851D3FD1F900B0AAB0 /* Release */ = {
			isa = XCBuildConfiguration;
			baseConfigurationReference = 8E6679479EEE0456BECCB72C /* Pods-HDPhoneMonitor.release.xcconfig */;
			buildSettings = {
				CLANG_ENABLE_MODULES = YES;
				DEFINES_MODULE = YES;
				DYLIB_COMPATIBILITY_VERSION = 1;
				DYLIB_CURRENT_VERSION = 1;
				DYLIB_INSTALL_NAME_BASE = "@rpath";
				INFOPLIST_FILE = HDPhoneMonitor/Info.plist;
				INSTALL_PATH = "$(LOCAL_LIBRARY_DIR)/Frameworks";
				IPHONEOS_DEPLOYMENT_TARGET = 8.0;
				LD_RUNPATH_SEARCH_PATHS = "$(inherited) @executable_path/Frameworks @loader_path/Frameworks";
				PRODUCT_BUNDLE_IDENTIFIER = com.dqhieu.HDPhoneMonitor;
				PRODUCT_NAME = "$(TARGET_NAME)";
				SKIP_INSTALL = YES;
			};
			name = Release;
		};
/* End XCBuildConfiguration section */

/* Begin XCConfigurationList section */
		74578B751D3FD1F900B0AAB0 /* Build configuration list for PBXProject "HDPhoneMonitor" */ = {
			isa = XCConfigurationList;
			buildConfigurations = (
				74578B811D3FD1F900B0AAB0 /* Debug */,
				74578B821D3FD1F900B0AAB0 /* Release */,
			);
			defaultConfigurationIsVisible = 0;
			defaultConfigurationName = Release;
		};
		74578B831D3FD1F900B0AAB0 /* Build configuration list for PBXNativeTarget "HDPhoneMonitor" */ = {
			isa = XCConfigurationList;
			buildConfigurations = (
				74578B841D3FD1F900B0AAB0 /* Debug */,
				74578B851D3FD1F900B0AAB0 /* Release */,
			);
			defaultConfigurationIsVisible = 0;
			defaultConfigurationName = Release;
		};
/* End XCConfigurationList section */
	};
	rootObject = 74578B721D3FD1F900B0AAB0 /* Project object */;
}
